
Microsoft Visual Studio Solution File, Format Version 12.00
# Visual Studio Version 17
VisualStudioVersion = 17.7.34024.191
MinimumVisualStudioVersion = 10.0.40219.1
Project("{FAE04EC0-301F-11D3-BF4B-00C04F79EFBC}") = "MVCWithEFCF1", "MVCWithEFCF1\MVCWithEFCF1.csproj", "{390842F2-2FF9-4A14-9349-F4A85D5FC729}"
EndProject
Global
	GlobalSection(SolutionConfigurationPlatforms) = preSolution
		Debug|Any CPU = Debug|Any CPU
		Release|Any CPU = Release|Any CPU
	EndGlobalSection
	GlobalSection(ProjectConfigurationPlatforms) = postSolution
		{390842F2-2FF9-4A14-9349-F4A85D5FC729}.Debug|Any CPU.ActiveCfg = Debug|Any CPU
		{390842F2-2FF9-4A14-9349-F4A85D5FC729}.Debug|Any CPU.Build.0 = Debug|Any CPU
		{390842F2-2FF9-4A14-9349-F4A85D5FC729}.Release|Any CPU.ActiveCfg = Release|Any CPU
		{390842F2-2FF9-4A14-9349-F4A85D5FC729}.Release|Any CPU.Build.0 = Release|Any CPU
	EndGlobalSection
	GlobalSection(SolutionProperties) = preSolution
		HideSolutionNode = FALSE
	EndGlobalSection
	GlobalSection(ExtensibilityGlobals) = postSolution
		SolutionGuid = {112646E8-A7C7-4CC6-AA3C-DF28ECDAF84D}
	EndGlobalSection
EndGlobal
